
Microsoft Visual Studio Solution File, Format Version 12.00
# Visual Studio Version 16
VisualStudioVersion = 16.0.30907.101
MinimumVisualStudioVersion = 10.0.40219.1
Project("{FAE04EC0-301F-11D3-BF4B-00C04F79EFBC}") = "ConstrutorAluno", "ConstrutorAluno\ConstrutorAluno.csproj", "{322CE3D5-B3F9-4B36-9CF7-EDE464F85346}"
EndProject
Global
	GlobalSection(SolutionConfigurationPlatforms) = preSolution
		Debug|Any CPU = Debug|Any CPU
		Release|Any CPU = Release|Any CPU
	EndGlobalSection
	GlobalSection(ProjectConfigurationPlatforms) = postSolution
		{322CE3D5-B3F9-4B36-9CF7-EDE464F85346}.Debug|Any CPU.ActiveCfg = Debug|Any CPU
		{322CE3D5-B3F9-4B36-9CF7-EDE464F85346}.Debug|Any CPU.Build.0 = Debug|Any CPU
		{322CE3D5-B3F9-4B36-9CF7-EDE464F85346}.Release|Any CPU.ActiveCfg = Release|Any CPU
		{322CE3D5-B3F9-4B36-9CF7-EDE464F85346}.Release|Any CPU.Build.0 = Release|Any CPU
	EndGlobalSection
	GlobalSection(SolutionProperties) = preSolution
		HideSolutionNode = FALSE
	EndGlobalSection
	GlobalSection(ExtensibilityGlobals) = postSolution
		SolutionGuid = {0AE7379D-5776-4A38-B879-6725DF54F3CE}
	EndGlobalSection
EndGlobal
