
Microsoft Visual Studio Solution File, Format Version 12.00
# Visual Studio Version 16
VisualStudioVersion = 16.0.31729.503
MinimumVisualStudioVersion = 10.0.40219.1
Project("{FAE04EC0-301F-11D3-BF4B-00C04F79EFBC}") = "Joao_Victor", "Joao_Victor\Joao_Victor.csproj", "{12F8F43A-C9D0-44E8-91B8-1E1D6EA32A26}"
EndProject
Global
	GlobalSection(SolutionConfigurationPlatforms) = preSolution
		Debug|Any CPU = Debug|Any CPU
		Release|Any CPU = Release|Any CPU
	EndGlobalSection
	GlobalSection(ProjectConfigurationPlatforms) = postSolution
		{12F8F43A-C9D0-44E8-91B8-1E1D6EA32A26}.Debug|Any CPU.ActiveCfg = Debug|Any CPU
		{12F8F43A-C9D0-44E8-91B8-1E1D6EA32A26}.Debug|Any CPU.Build.0 = Debug|Any CPU
		{12F8F43A-C9D0-44E8-91B8-1E1D6EA32A26}.Release|Any CPU.ActiveCfg = Release|Any CPU
		{12F8F43A-C9D0-44E8-91B8-1E1D6EA32A26}.Release|Any CPU.Build.0 = Release|Any CPU
	EndGlobalSection
	GlobalSection(SolutionProperties) = preSolution
		HideSolutionNode = FALSE
	EndGlobalSection
	GlobalSection(ExtensibilityGlobals) = postSolution
		SolutionGuid = {A8A2409C-FFD2-45E7-9026-362F9B27FAA3}
	EndGlobalSection
EndGlobal
